
Microsoft Visual Studio Solution File, Format Version 12.00
# Visual Studio 15
VisualStudioVersion = 15.0.28010.2050
MinimumVisualStudioVersion = 10.0.40219.1
Project("{FAE04EC0-301F-11D3-BF4B-00C04F79EFBC}") = "WebApi", "WebApi\WebApi.csproj", "{2AA833F1-1663-497F-A152-B5D5F8647D9C}"
EndProject
Project("{2150E333-8FDC-42A3-9474-1A3956D46DE8}") = "Infrastructure", "Infrastructure", "{54D733E9-B564-4617-A2DA-A5FAD85B7428}"
	ProjectSection(SolutionItems) = preProject
		..\ADit\Dependencies\AA.Infrastructure.dll = ..\ADit\Dependencies\AA.Infrastructure.dll
		..\ADit\Dependencies\AA.Infrastructure.pdb = ..\ADit\Dependencies\AA.Infrastructure.pdb
	EndProjectSection
EndProject
Global
	GlobalSection(SolutionConfigurationPlatforms) = preSolution
		Debug|Any CPU = Debug|Any CPU
		Release|Any CPU = Release|Any CPU
	EndGlobalSection
	GlobalSection(ProjectConfigurationPlatforms) = postSolution
		{2AA833F1-1663-497F-A152-B5D5F8647D9C}.Debug|Any CPU.ActiveCfg = Debug|Any CPU
		{2AA833F1-1663-497F-A152-B5D5F8647D9C}.Debug|Any CPU.Build.0 = Debug|Any CPU
		{2AA833F1-1663-497F-A152-B5D5F8647D9C}.Release|Any CPU.ActiveCfg = Release|Any CPU
		{2AA833F1-1663-497F-A152-B5D5F8647D9C}.Release|Any CPU.Build.0 = Release|Any CPU
	EndGlobalSection
	GlobalSection(SolutionProperties) = preSolution
		HideSolutionNode = FALSE
	EndGlobalSection
	GlobalSection(ExtensibilityGlobals) = postSolution
		SolutionGuid = {36E68B55-A97D-4699-A311-DD93F7B01E57}
	EndGlobalSection
EndGlobal
